
Microsoft Visual Studio Solution File, Format Version 12.00
Project("{2150E333-8FDC-42A3-9474-1A3956D46DE8}") = "Solution Items", "Solution Items", "{8F5D3585-726C-4EC9-8EBB-01644EA34365}"
ProjectSection(SolutionItems) = preProject
	.editorconfig = .editorconfig
	LICENSE = LICENSE
	qodana.yaml = qodana.yaml
	README.md = README.md
EndProjectSection
EndProject
Project("{2150E333-8FDC-42A3-9474-1A3956D46DE8}") = "gh-actions", "gh-actions", "{3C7AEF49-BBA6-4BDE-B869-A4A4DAEED012}"
ProjectSection(SolutionItems) = preProject
	.github\workflows\ci.yml = .github\workflows\ci.yml
	.github\workflows\codeql-analysis.yml = .github\workflows\codeql-analysis.yml
	.github\workflows\dependency-review.yml = .github\workflows\dependency-review.yml
	.github\workflows\docker.yml = .github\workflows\docker.yml
	.github\workflows\github-release.yml = .github\workflows\github-release.yml
	.github\workflows\publish-filter.yml = .github\workflows\publish-filter.yml
	.github\workflows\qodana-action.yml = .github\workflows\qodana-action.yml
EndProjectSection
EndProject
Project("{2150E333-8FDC-42A3-9474-1A3956D46DE8}") = "scripts", "scripts", "{4BF4C761-8D8D-4A91-BDA1-9105DD95ACBB}"
	ProjectSection(SolutionItems) = preProject
		build.cmd = build.cmd
		build.sh = build.sh
	EndProjectSection
EndProject
Project("{2150E333-8FDC-42A3-9474-1A3956D46DE8}") = "config", "config", "{056DB08C-D3C7-4FFD-9A74-CC2F5C78F46D}"
	ProjectSection(SolutionItems) = preProject
		config\adware-malware.json = config\adware-malware.json
		config\custom-combined.json = config\custom-combined.json
		config\fakenews-gambling-porn-social.json = config\fakenews-gambling-porn-social.json
		config\fakenews-gambling-social.json = config\fakenews-gambling-social.json
		config\fakenews-gambling.json = config\fakenews-gambling.json
		config\fakenews-porn-social.json = config\fakenews-porn-social.json
		config\fakenews-porn.json = config\fakenews-porn.json
		config\fakenews-social.json = config\fakenews-social.json
		config\fakenews.json = config\fakenews.json
		config\gambling-porn-social.json = config\gambling-porn-social.json
		config\gambling-porn.json = config\gambling-porn.json
		config\gambling-social.json = config\gambling-social.json
		config\gambling.json = config\gambling.json
		config\porn-social.json = config\porn-social.json
		config\porn.json = config\porn.json
		config\social.json = config\social.json
	EndProjectSection
EndProject
Project("{FAE04EC0-301F-11D3-BF4B-00C04F79EFBC}") = "HostsParser", "src\HostsParser\HostsParser.csproj", "{ADDA28F7-6BA7-43C6-9286-CFC8272DC303}"
EndProject
Project("{2150E333-8FDC-42A3-9474-1A3956D46DE8}") = "src", "src", "{91B0F884-0C92-4174-9B5D-206CFC4CACED}"
EndProject
Project("{2150E333-8FDC-42A3-9474-1A3956D46DE8}") = "tests", "tests", "{46F3B2B7-5CDC-4DAE-90F2-AEB8DAEFCD48}"
EndProject
Project("{FAE04EC0-301F-11D3-BF4B-00C04F79EFBC}") = "HostsParser.Benchmarks", "tests\HostsParser.Benchmarks\HostsParser.Benchmarks.csproj", "{7F1ADA95-4F15-4814-81A5-17F81DDB198F}"
EndProject
Project("{FAE04EC0-301F-11D3-BF4B-00C04F79EFBC}") = "HostsParser.IntegrationTests", "tests\HostsParser.IntegrationTests\HostsParser.IntegrationTests.csproj", "{B7921F45-3CF7-4640-BF1D-6FA1B867EF98}"
EndProject
Project("{FAE04EC0-301F-11D3-BF4B-00C04F79EFBC}") = "HostsParser.Tests", "tests\HostsParser.Tests\HostsParser.Tests.csproj", "{52B319BF-AAD6-4CCA-AA60-4336D7687B49}"
EndProject
Global
	GlobalSection(SolutionConfigurationPlatforms) = preSolution
		Debug|Any CPU = Debug|Any CPU
		Release|Any CPU = Release|Any CPU
	EndGlobalSection
	GlobalSection(ProjectConfigurationPlatforms) = postSolution
		{ADDA28F7-6BA7-43C6-9286-CFC8272DC303}.Debug|Any CPU.ActiveCfg = Debug|Any CPU
		{ADDA28F7-6BA7-43C6-9286-CFC8272DC303}.Debug|Any CPU.Build.0 = Debug|Any CPU
		{ADDA28F7-6BA7-43C6-9286-CFC8272DC303}.Release|Any CPU.ActiveCfg = Release|Any CPU
		{ADDA28F7-6BA7-43C6-9286-CFC8272DC303}.Release|Any CPU.Build.0 = Release|Any CPU
		{7F1ADA95-4F15-4814-81A5-17F81DDB198F}.Debug|Any CPU.ActiveCfg = Debug|Any CPU
		{7F1ADA95-4F15-4814-81A5-17F81DDB198F}.Debug|Any CPU.Build.0 = Debug|Any CPU
		{7F1ADA95-4F15-4814-81A5-17F81DDB198F}.Release|Any CPU.ActiveCfg = Release|Any CPU
		{7F1ADA95-4F15-4814-81A5-17F81DDB198F}.Release|Any CPU.Build.0 = Release|Any CPU
		{B7921F45-3CF7-4640-BF1D-6FA1B867EF98}.Debug|Any CPU.ActiveCfg = Debug|Any CPU
		{B7921F45-3CF7-4640-BF1D-6FA1B867EF98}.Debug|Any CPU.Build.0 = Debug|Any CPU
		{B7921F45-3CF7-4640-BF1D-6FA1B867EF98}.Release|Any CPU.ActiveCfg = Release|Any CPU
		{B7921F45-3CF7-4640-BF1D-6FA1B867EF98}.Release|Any CPU.Build.0 = Release|Any CPU
		{52B319BF-AAD6-4CCA-AA60-4336D7687B49}.Debug|Any CPU.ActiveCfg = Debug|Any CPU
		{52B319BF-AAD6-4CCA-AA60-4336D7687B49}.Debug|Any CPU.Build.0 = Debug|Any CPU
		{52B319BF-AAD6-4CCA-AA60-4336D7687B49}.Release|Any CPU.ActiveCfg = Release|Any CPU
		{52B319BF-AAD6-4CCA-AA60-4336D7687B49}.Release|Any CPU.Build.0 = Release|Any CPU
	EndGlobalSection
	GlobalSection(NestedProjects) = preSolution
		{ADDA28F7-6BA7-43C6-9286-CFC8272DC303} = {91B0F884-0C92-4174-9B5D-206CFC4CACED}
		{7F1ADA95-4F15-4814-81A5-17F81DDB198F} = {46F3B2B7-5CDC-4DAE-90F2-AEB8DAEFCD48}
		{B7921F45-3CF7-4640-BF1D-6FA1B867EF98} = {46F3B2B7-5CDC-4DAE-90F2-AEB8DAEFCD48}
		{52B319BF-AAD6-4CCA-AA60-4336D7687B49} = {46F3B2B7-5CDC-4DAE-90F2-AEB8DAEFCD48}
	EndGlobalSection
EndGlobal
