
Microsoft Visual Studio Solution File, Format Version 12.00
Project("{2150E333-8FDC-42A3-9474-1A3956D46DE8}") = "Solution Items", "Solution Items", "{8F5D3585-726C-4EC9-8EBB-01644EA34365}"
ProjectSection(SolutionItems) = preProject
	..\LICENSE = ..\LICENSE
	..\README.md = ..\README.md
	..\.editorconfig = ..\.editorconfig
EndProjectSection
EndProject
Project("{2150E333-8FDC-42A3-9474-1A3956D46DE8}") = "gh-actions", "gh-actions", "{3C7AEF49-BBA6-4BDE-B869-A4A4DAEED012}"
ProjectSection(SolutionItems) = preProject
	..\.github\workflows\codeql-analysis.yml = ..\.github\workflows\codeql-analysis.yml
	..\.github\workflows\github-release.yml = ..\.github\workflows\github-release.yml
	..\.github\workflows\docker.yml = ..\.github\workflows\docker.yml
	..\.github\workflows\ci.yml = ..\.github\workflows\ci.yml
	..\.github\workflows\publish-filter.yml = ..\.github\workflows\publish-filter.yml
EndProjectSection
EndProject
Project("{2150E333-8FDC-42A3-9474-1A3956D46DE8}") = "scripts", "scripts", "{4BF4C761-8D8D-4A91-BDA1-9105DD95ACBB}"
ProjectSection(SolutionItems) = preProject
	..\build.cmd = ..\build.cmd
	..\build.sh = ..\build.sh
EndProjectSection
EndProject
Project("{2150E333-8FDC-42A3-9474-1A3956D46DE8}") = "src", "src", "{C8626041-386F-4FCE-AD4D-4B2DB45E0177}"
EndProject
Project("{FAE04EC0-301F-11D3-BF4B-00C04F79EFBC}") = "HostsParser", "HostsParser\HostsParser.csproj", "{0FB07A81-2391-4DFD-9737-5B68D0999ADB}"
EndProject
Project("{FAE04EC0-301F-11D3-BF4B-00C04F79EFBC}") = "HostsParser.Benchmarks", "HostsParser.Benchmarks\HostsParser.Benchmarks.csproj", "{D60925E8-9123-4CCB-8CC0-40A649092772}"
EndProject
Project("{FAE04EC0-301F-11D3-BF4B-00C04F79EFBC}") = "HostsParser.Tests", "HostsParser.Tests\HostsParser.Tests.csproj", "{BC83CFA8-32DC-4ADB-9345-FF7EF1C30597}"
EndProject
Project("{FAE04EC0-301F-11D3-BF4B-00C04F79EFBC}") = "HostsParser.IntegrationTests", "HostsParser.IntegrationTests\HostsParser.IntegrationTests.csproj", "{F7942780-9AEC-4160-AC91-BCC33345F797}"
EndProject
Project("{2150E333-8FDC-42A3-9474-1A3956D46DE8}") = "config", "config", "{056DB08C-D3C7-4FFD-9A74-CC2F5C78F46D}"
ProjectSection(SolutionItems) = preProject
	..\config\adware-malware.json = ..\config\adware-malware.json
	..\config\fakenews-gambling-social.json = ..\config\fakenews-gambling-social.json
	..\config\fakenews-gambling-porn-social.json = ..\config\fakenews-gambling-porn-social.json
EndProjectSection
EndProject
Global
	GlobalSection(SolutionConfigurationPlatforms) = preSolution
		Debug|Any CPU = Debug|Any CPU
		Release|Any CPU = Release|Any CPU
	EndGlobalSection
	GlobalSection(ProjectConfigurationPlatforms) = postSolution
		{0FB07A81-2391-4DFD-9737-5B68D0999ADB}.Debug|Any CPU.ActiveCfg = Debug|Any CPU
		{0FB07A81-2391-4DFD-9737-5B68D0999ADB}.Debug|Any CPU.Build.0 = Debug|Any CPU
		{0FB07A81-2391-4DFD-9737-5B68D0999ADB}.Release|Any CPU.ActiveCfg = Release|Any CPU
		{0FB07A81-2391-4DFD-9737-5B68D0999ADB}.Release|Any CPU.Build.0 = Release|Any CPU
		{D60925E8-9123-4CCB-8CC0-40A649092772}.Debug|Any CPU.ActiveCfg = Debug|Any CPU
		{D60925E8-9123-4CCB-8CC0-40A649092772}.Debug|Any CPU.Build.0 = Debug|Any CPU
		{D60925E8-9123-4CCB-8CC0-40A649092772}.Release|Any CPU.ActiveCfg = Release|Any CPU
		{D60925E8-9123-4CCB-8CC0-40A649092772}.Release|Any CPU.Build.0 = Release|Any CPU
		{BC83CFA8-32DC-4ADB-9345-FF7EF1C30597}.Debug|Any CPU.ActiveCfg = Debug|Any CPU
		{BC83CFA8-32DC-4ADB-9345-FF7EF1C30597}.Debug|Any CPU.Build.0 = Debug|Any CPU
		{BC83CFA8-32DC-4ADB-9345-FF7EF1C30597}.Release|Any CPU.ActiveCfg = Release|Any CPU
		{BC83CFA8-32DC-4ADB-9345-FF7EF1C30597}.Release|Any CPU.Build.0 = Release|Any CPU
		{F7942780-9AEC-4160-AC91-BCC33345F797}.Debug|Any CPU.ActiveCfg = Debug|Any CPU
		{F7942780-9AEC-4160-AC91-BCC33345F797}.Debug|Any CPU.Build.0 = Debug|Any CPU
		{F7942780-9AEC-4160-AC91-BCC33345F797}.Release|Any CPU.ActiveCfg = Release|Any CPU
		{F7942780-9AEC-4160-AC91-BCC33345F797}.Release|Any CPU.Build.0 = Release|Any CPU
	EndGlobalSection
	GlobalSection(NestedProjects) = preSolution
		{0FB07A81-2391-4DFD-9737-5B68D0999ADB} = {C8626041-386F-4FCE-AD4D-4B2DB45E0177}
		{D60925E8-9123-4CCB-8CC0-40A649092772} = {C8626041-386F-4FCE-AD4D-4B2DB45E0177}
		{BC83CFA8-32DC-4ADB-9345-FF7EF1C30597} = {C8626041-386F-4FCE-AD4D-4B2DB45E0177}
		{F7942780-9AEC-4160-AC91-BCC33345F797} = {C8626041-386F-4FCE-AD4D-4B2DB45E0177}
	EndGlobalSection
EndGlobal
