{
  "version": 1,
  "dependencies": {
    "net10.0": {
      "TUnit": {
        "type": "Direct",
        "requested": "[1.43.11, )",
        "resolved": "1.43.11",
        "contentHash": "aWQY3z0JLBm38dUZfeZxRdtUMNagwuM40Sgosy5nF0Zo+e2dObYv7OlJImaXrZuqK+sJcwsR/j1+EvNEttAZxw==",
        "dependencies": {
          "Microsoft.Testing.Extensions.CodeCoverage": "18.6.2",
          "Microsoft.Testing.Extensions.Telemetry": "2.2.2",
          "Microsoft.Testing.Extensions.TrxReport": "2.2.2",
          "TUnit.Assertions": "1.43.11",
          "TUnit.Engine": "1.43.11"
        }
      },
      "EnumerableAsyncProcessor": {
        "type": "Transitive",
        "resolved": "3.8.4",
        "contentHash": "KlbpupRCz3Kf+P7gsiDvFXJ980i/9lfihMZFmmxIk0Gf6mopEjy74OTJZmdaKDQpE29eQDBnMZB5khyW3eugrg=="
      },
      "Microsoft.ApplicationInsights": {
        "type": "Transitive",
        "resolved": "2.23.0",
        "contentHash": "nWArUZTdU7iqZLycLKWe0TDms48KKGE6pONH2terYNa8REXiqixrMOkf1sk5DHGMaUTqONU2YkS4SAXBhLStgw=="
      },
      "Microsoft.DiaSymReader": {
        "type": "Transitive",
        "resolved": "2.2.5",
        "contentHash": "Cq0DLpL8oQmXX3EUCClAYWDBy7Nf3Km6kmUw/eYWlYcTeC3g3Nekd/Z/ldsiy+Oi3xboanlQV9oaVCkgdLEhOQ=="
      },
      "Microsoft.DotNet.ILCompiler": {
        "type": "Transitive",
        "resolved": "10.0.7",
        "contentHash": "2H7j1NltkQx04sPWBkUtFrZNBtro7vwsxRtdThP0oDj6Sn3ouGHCQlxATZ4Me2aJE67+KiXMX2V1IHDjt1uIpw=="
      },
      "Microsoft.Extensions.Configuration": {
        "type": "Transitive",
        "resolved": "10.0.7",
        "contentHash": "wZbGh7J8R1vXN525O6d8dlcDTxhRTnd5MyW4LdfP5S0tSnTwTCseYSrq6g0Mxh7W9xn8P/2xPuf0D/m6k2dy2w==",
        "dependencies": {
          "Microsoft.Extensions.Configuration.Abstractions": "10.0.7",
          "Microsoft.Extensions.Primitives": "10.0.7"
        }
      },
      "Microsoft.Extensions.Configuration.Abstractions": {
        "type": "Transitive",
        "resolved": "10.0.7",
        "contentHash": "t56nEgvECcyLPojZIUFWJknQQDAbgfTf9J+QMYJE1YYvVgz69vN6B/AKL8Grvj3Lcnp8kTpNqwmwFhb3YLJmtQ==",
        "dependencies": {
          "Microsoft.Extensions.Primitives": "10.0.7"
        }
      },
      "Microsoft.Extensions.Configuration.Binder": {
        "type": "Transitive",
        "resolved": "10.0.7",
        "contentHash": "8bS1qIaRivny+WX+49pmeJ6iAylbtX8C0DLEcCQWZjdxQvLqaMssXiGD9P/6pYElrHbK5/nAHmjbQ8STqdMYeg==",
        "dependencies": {
          "Microsoft.Extensions.Configuration": "10.0.7",
          "Microsoft.Extensions.Configuration.Abstractions": "10.0.7"
        }
      },
      "Microsoft.Extensions.DependencyInjection": {
        "type": "Transitive",
        "resolved": "10.0.7",
        "contentHash": "91F/o3emPV/+xY/ip3s2LqDNF14kjttlVtq0BXgg6p4MnCzeSZxnUJm+t6WRrtD3JdGo88/oX+z7OwK4y8PZuw==",
        "dependencies": {
          "Microsoft.Extensions.DependencyInjection.Abstractions": "10.0.7"
        }
      },
      "Microsoft.Extensions.DependencyInjection.Abstractions": {
        "type": "Transitive",
        "resolved": "10.0.7",
        "contentHash": "Z6mfFEaFcwCfSboxJwOLfu7/31npCY9q70WUamHW/vRQhDvBKOT4Vf9YkZj5J6hLvJpb0oDEYfHunQZj0xxvKw=="
      },
      "Microsoft.Extensions.DependencyModel": {
        "type": "Transitive",
        "resolved": "8.0.2",
        "contentHash": "mUBDZZRgZrSyFOsJ2qJJ9fXfqd/kXJwf3AiDoqLD9m6TjY5OO/vLNOb9fb4juC0487eq4hcGN/M2Rh/CKS7QYw=="
      },
      "Microsoft.Extensions.Logging": {
        "type": "Transitive",
        "resolved": "10.0.7",
        "contentHash": "hOeRIQ63GkgiYCB/MIFp+LQs8aXpJXpB55t6Aj37ab7t2/6WeFcPXxYM9hdy/o5tffzwf8mhqzLJP6mjGYCxjw==",
        "dependencies": {
          "Microsoft.Extensions.DependencyInjection": "10.0.7",
          "Microsoft.Extensions.Logging.Abstractions": "10.0.7",
          "Microsoft.Extensions.Options": "10.0.7"
        }
      },
      "Microsoft.Extensions.Logging.Abstractions": {
        "type": "Transitive",
        "resolved": "10.0.7",
        "contentHash": "tIEcQ2gvERrH2KiCjdsVcHGhXt9lIsuDStfOIeZWr7/fP8IXhGiYfx0/80PNI7WPO2IYuFtlZLSlnTS8+/Mchw==",
        "dependencies": {
          "Microsoft.Extensions.DependencyInjection.Abstractions": "10.0.7"
        }
      },
      "Microsoft.Extensions.Logging.Configuration": {
        "type": "Transitive",
        "resolved": "10.0.7",
        "contentHash": "7BBnoGF37USiu7j434put9mDp7EjdlNDIZsR4vHfC1FbLZeLqiWjgJbeEtF0p59Ryqt8AtraHawf0ZKbe5jibg==",
        "dependencies": {
          "Microsoft.Extensions.Configuration": "10.0.7",
          "Microsoft.Extensions.Configuration.Abstractions": "10.0.7",
          "Microsoft.Extensions.Configuration.Binder": "10.0.7",
          "Microsoft.Extensions.DependencyInjection.Abstractions": "10.0.7",
          "Microsoft.Extensions.Logging": "10.0.7",
          "Microsoft.Extensions.Logging.Abstractions": "10.0.7",
          "Microsoft.Extensions.Options": "10.0.7",
          "Microsoft.Extensions.Options.ConfigurationExtensions": "10.0.7"
        }
      },
      "Microsoft.Extensions.Logging.Console": {
        "type": "Transitive",
        "resolved": "10.0.7",
        "contentHash": "DA++Es6v6W0HfrOrw+K8WyN6jNnZHp640PDdEvl8yfeVmgflKdn6vSSFvufNUSOuY+M2ZaSUgfY+jUKtNpXcCw==",
        "dependencies": {
          "Microsoft.Extensions.DependencyInjection.Abstractions": "10.0.7",
          "Microsoft.Extensions.Logging": "10.0.7",
          "Microsoft.Extensions.Logging.Abstractions": "10.0.7",
          "Microsoft.Extensions.Logging.Configuration": "10.0.7",
          "Microsoft.Extensions.Options": "10.0.7"
        }
      },
      "Microsoft.Extensions.Logging.Debug": {
        "type": "Transitive",
        "resolved": "10.0.7",
        "contentHash": "Y6DSt/JZApunYWKqTtqbdsR6iqAvHx3D0tavbNJ1rnC24MUpF+3XO/VKgFi+9PFqMyvQ2GHBBGb8H3cLSw7rDg==",
        "dependencies": {
          "Microsoft.Extensions.DependencyInjection.Abstractions": "10.0.7",
          "Microsoft.Extensions.Logging": "10.0.7",
          "Microsoft.Extensions.Logging.Abstractions": "10.0.7"
        }
      },
      "Microsoft.Extensions.Options": {
        "type": "Transitive",
        "resolved": "10.0.7",
        "contentHash": "00SHUGTh2jSMvIr6x9Xwd2nE+B5/qFCO/9hDwUDhJsjYRDlADmaBZ7tqehXzBDsfjHSXJzuRHJzPYPPjphBQ7Q==",
        "dependencies": {
          "Microsoft.Extensions.DependencyInjection.Abstractions": "10.0.7",
          "Microsoft.Extensions.Primitives": "10.0.7"
        }
      },
      "Microsoft.Extensions.Options.ConfigurationExtensions": {
        "type": "Transitive",
        "resolved": "10.0.7",
        "contentHash": "IT7f+EMXZtkjatEcF+o6aOw/7OE4etRrMiDGEWH/iiTu2R3uhC4NEQJCfHiibtX45U3sIQ5Fh6tbb1qaOz3YAg==",
        "dependencies": {
          "Microsoft.Extensions.Configuration.Abstractions": "10.0.7",
          "Microsoft.Extensions.Configuration.Binder": "10.0.7",
          "Microsoft.Extensions.DependencyInjection.Abstractions": "10.0.7",
          "Microsoft.Extensions.Options": "10.0.7",
          "Microsoft.Extensions.Primitives": "10.0.7"
        }
      },
      "Microsoft.Extensions.Primitives": {
        "type": "Transitive",
        "resolved": "10.0.7",
        "contentHash": "D5M0Jr551iTgwkZMN9rm0pSkgNLj5quUWQUmQPMZh7k/bnvZTnXRGfE2KuvXf1EEjt/ofD9yw9IumpgdP9QCnw=="
      },
      "Microsoft.Testing.Extensions.CodeCoverage": {
        "type": "Transitive",
        "resolved": "18.6.2",
        "contentHash": "vRDhB96XQyVdYFp4cQZOMz/lx0okfCdzTXPxGiuFhKx2yUL0FT/skTpnTv+7x13+tjNOcT39i2Ln3BYtslzf2w==",
        "dependencies": {
          "Microsoft.DiaSymReader": "2.2.5",
          "Microsoft.Extensions.DependencyModel": "8.0.2",
          "Microsoft.Testing.Platform": "2.1.0"
        }
      },
      "Microsoft.Testing.Extensions.Telemetry": {
        "type": "Transitive",
        "resolved": "2.2.2",
        "contentHash": "qKRghdaDiC88N1s3LDJO7zW74QNZu/ErnTxuG7R9u9UORn6pTwdqbi7X+eY4UQb+7YV2gR2yz8eRelvOWQVxhA==",
        "dependencies": {
          "Microsoft.ApplicationInsights": "2.23.0",
          "Microsoft.Testing.Platform": "2.2.2"
        }
      },
      "Microsoft.Testing.Extensions.TrxReport": {
        "type": "Transitive",
        "resolved": "2.2.2",
        "contentHash": "iEp69l8C0OlEnqUgZVoh621PrFIbaIbhjShUkW9pgPwH1GGLawLbi7cW1wyzLxZLI3jVSuKqV/JbSFz8Ael7Kg==",
        "dependencies": {
          "Microsoft.Testing.Extensions.TrxReport.Abstractions": "2.2.2",
          "Microsoft.Testing.Platform": "2.2.2"
        }
      },
      "Microsoft.Testing.Extensions.TrxReport.Abstractions": {
        "type": "Transitive",
        "resolved": "2.2.2",
        "contentHash": "MuOC3Be70FPysaPxaO0f3GFoXU49UwnKCVDWfFrOZ93h955KZ6MKiJ6vwt/2r4e1wkLDoJFbkQzi/MNbpe4oXQ==",
        "dependencies": {
          "Microsoft.Testing.Platform": "2.2.2"
        }
      },
      "Microsoft.Testing.Platform": {
        "type": "Transitive",
        "resolved": "2.2.2",
        "contentHash": "9mUsTOri0aVqBX7/EJwqVJxVwdOzGUVJqK1H2EMfIl9xxJuSdqhfAlJbukl/iNugvi4+cmQs/LI8PLTDUT9P1A=="
      },
      "Microsoft.Testing.Platform.MSBuild": {
        "type": "Transitive",
        "resolved": "2.2.2",
        "contentHash": "acgkTLYA8C39oe5b5ISmydBshR0XO6v8z3/CXAsLmPQ3xAiomHuPoTAgY28tjQLcwPZOu4GX034BXWvmsVpzIg==",
        "dependencies": {
          "Microsoft.Testing.Platform": "2.2.2"
        }
      },
      "TUnit.Assertions": {
        "type": "Transitive",
        "resolved": "1.43.11",
        "contentHash": "27FE48Ay3YRTLTsBCgg2bTOD4a4euXtTlUZpAZjEkGaLvIN9VEWCFz4uArE9O64MyEV/egOno6/KqmaJ4abtEQ=="
      },
      "TUnit.Core": {
        "type": "Transitive",
        "resolved": "1.43.11",
        "contentHash": "B/Qze2TqnoBKf9zniMq2BdP0qSeoC6mamzAZzJjeUutnTtO0UlIHEUB/PwW7nOcwu+y2hTp0cFNmHw1rWF8wJA=="
      },
      "TUnit.Engine": {
        "type": "Transitive",
        "resolved": "1.43.11",
        "contentHash": "qekUhc30raazt4KxQF8HBsxwO2UsRTjzOogPnuewGa+IdC5y/QSNscEaNy08BwktQIwuMj9Q/3X5ZO2ycQB++g==",
        "dependencies": {
          "EnumerableAsyncProcessor": "3.8.4",
          "Microsoft.Testing.Extensions.TrxReport.Abstractions": "2.2.2",
          "Microsoft.Testing.Platform": "2.2.2",
          "Microsoft.Testing.Platform.MSBuild": "2.2.2",
          "TUnit.Core": "1.43.11"
        }
      },
      "ZLinq": {
        "type": "Transitive",
        "resolved": "1.5.6",
        "contentHash": "O2lcAZ1hC2zytrTuJV8WwpGbFURvsAApIEkmFJUKL3CFpedt1cgNVn+ZF00YyN321NL7Vz766wHxIPTzSyfUWg=="
      },
      "hostsparser": {
        "type": "Project",
        "dependencies": {
          "Microsoft.DotNet.ILCompiler": "[10.0.7, )",
          "Microsoft.Extensions.Logging.Console": "[10.0.7, )",
          "Microsoft.Extensions.Logging.Debug": "[10.0.7, )",
          "ZLinq": "[1.5.6, )"
        }
      }
    }
  }
}