{
  "version": 1,
  "dependencies": {
    "net11.0": {
      "TUnit": {
        "type": "Direct",
        "requested": "[1.69.16, )",
        "resolved": "1.69.16",
        "contentHash": "FsIHioDaKPwCAfjWMMmofr1NoZcR/Jihw/Z+IXaTogmRoQ+YM4iaDUg2infHuO1KpEbAFC2rjuvpgzx+B9Vk6Q==",
        "dependencies": {
          "Microsoft.Testing.Extensions.CodeCoverage": "18.11.2",
          "Microsoft.Testing.Extensions.Telemetry": "2.4.1",
          "Microsoft.Testing.Extensions.TrxReport": "2.4.1",
          "TUnit.Assertions": "1.69.16",
          "TUnit.Engine": "1.69.16"
        }
      },
      "Microsoft.ApplicationInsights": {
        "type": "Transitive",
        "resolved": "2.23.0",
        "contentHash": "nWArUZTdU7iqZLycLKWe0TDms48KKGE6pONH2terYNa8REXiqixrMOkf1sk5DHGMaUTqONU2YkS4SAXBhLStgw=="
      },
      "Microsoft.DiaSymReader": {
        "type": "Transitive",
        "resolved": "2.2.10",
        "contentHash": "zmGsm6b2y3STDa/Of7rdkkfTDV8VuGB8aCqIkLoJIQh5tL78K3zJ8OUyFKnfsaORXmGr9iOKwDkZfUjeXi+CwA=="
      },
      "Microsoft.DotNet.ILCompiler": {
        "type": "Transitive",
        "resolved": "11.0.0-rc.1.26425.128",
        "contentHash": "q57ZvrTIRKI4s12hLMA3LN4Gh48CuiGMKGL0Pmz7YnGLIvkQVMX8T+DtI6VdqYaCnGTstiw1LdE2PRsd13WdNg=="
      },
      "Microsoft.Extensions.Configuration": {
        "type": "Transitive",
        "resolved": "11.0.0-rc.1.26425.128",
        "contentHash": "67EIKOU5pzuMcTHoezn/hmv1hyMcxpiSIlVL9oT6Uc3bcErYhkTBuZCuVqHuNjJBm0nqmpJb1v644M/NV7Q0Vw=="
      },
      "Microsoft.Extensions.Configuration.Binder": {
        "type": "Transitive",
        "resolved": "11.0.0-rc.1.26425.128",
        "contentHash": "1AI7GybRhwcPmOgi275FOlxDP3PL/pspE1R4itBxLgQ771sRy0LhYi4usSYNvixnocxcPp0aZqJ27CyYdM9Aaw==",
        "dependencies": {
          "Microsoft.Extensions.Configuration": "11.0.0-rc.1.26425.128"
        }
      },
      "Microsoft.Extensions.DependencyInjection": {
        "type": "Transitive",
        "resolved": "11.0.0-rc.1.26425.128",
        "contentHash": "r9VvtUpwM0MZ21DaTQWDqmsm6ABmuuXA/4aqa9LJVZET0HGlIG0Z5eN2esarFAQW2xtgGFyIYcnWs5uxUUizgg=="
      },
      "Microsoft.Extensions.DependencyModel": {
        "type": "Transitive",
        "resolved": "10.0.10",
        "contentHash": "rfZA1RjR021RPqSmIPovfz2aOd79TGqJ9BengbjnzIISOVwjLmuSDnhCMmiY/1c6iYvGolQ1iNGzkav0u11XEA=="
      },
      "Microsoft.Extensions.Logging": {
        "type": "Transitive",
        "resolved": "11.0.0-rc.1.26425.128",
        "contentHash": "SxnI3xH/jZ11sRY5l1DqaqH4z7tyEqAa0ehQ6xsBGenst1mFy91iGWGZfUA0MnyPxQCdjmAlvPmuCvLsrv/ufw==",
        "dependencies": {
          "Microsoft.Extensions.DependencyInjection": "11.0.0-rc.1.26425.128"
        }
      },
      "Microsoft.Extensions.Logging.Configuration": {
        "type": "Transitive",
        "resolved": "11.0.0-rc.1.26425.128",
        "contentHash": "ZrK5NbDAUo4tJmsi4PrqYDU52tHFuGE6n3O+pB/p55Azo8+sr9DnwUDjMu0QOt+DYQfc7Q0yY9MNDGTjEkx2Uw==",
        "dependencies": {
          "Microsoft.Extensions.Configuration": "11.0.0-rc.1.26425.128",
          "Microsoft.Extensions.Configuration.Binder": "11.0.0-rc.1.26425.128",
          "Microsoft.Extensions.Logging": "11.0.0-rc.1.26425.128",
          "Microsoft.Extensions.Options.ConfigurationExtensions": "11.0.0-rc.1.26425.128"
        }
      },
      "Microsoft.Extensions.Logging.Console": {
        "type": "Transitive",
        "resolved": "11.0.0-rc.1.26425.128",
        "contentHash": "ft9SeFeLUyhLRoP9vw9zEtH9ScR/VIIae37IfvVk3Cd2GWHTV/sR9c8i7OR4QCPaVMRNZiL5KBazqOer3P2TZg==",
        "dependencies": {
          "Microsoft.Extensions.Logging": "11.0.0-rc.1.26425.128",
          "Microsoft.Extensions.Logging.Configuration": "11.0.0-rc.1.26425.128"
        }
      },
      "Microsoft.Extensions.Logging.Debug": {
        "type": "Transitive",
        "resolved": "11.0.0-rc.1.26425.128",
        "contentHash": "E8OLQlV4ZaNzRU1bmrWAE+RZNXTnx9Guu+b4fwdrjDA944rk2aYADig/XKssjHZawbKhp2fWUoPDVffdrs8vxw==",
        "dependencies": {
          "Microsoft.Extensions.Logging": "11.0.0-rc.1.26425.128"
        }
      },
      "Microsoft.Extensions.Options.ConfigurationExtensions": {
        "type": "Transitive",
        "resolved": "11.0.0-rc.1.26425.128",
        "contentHash": "z3K4AJwVQeNAHUfU4DSvs3Yvnzak7vbbD/rtcU4eKMxCKmmw3PA3sTefMTUUcIrePEhpIEODGtiOGJ00b/dNzg==",
        "dependencies": {
          "Microsoft.Extensions.Configuration.Binder": "11.0.0-rc.1.26425.128"
        }
      },
      "Microsoft.Testing.Extensions.CodeCoverage": {
        "type": "Transitive",
        "resolved": "18.11.2",
        "contentHash": "bT6awBEUR+fjPpeLAN++4qx5q0sgA9SeJt6QfijnFFPxNSr68BYsYFMQH8L8kY6vMJd3fuvFAFBht4JtWQcWtQ==",
        "dependencies": {
          "Microsoft.DiaSymReader": "2.2.10",
          "Microsoft.Extensions.DependencyModel": "10.0.10",
          "Microsoft.Testing.Platform": "2.4.0"
        }
      },
      "Microsoft.Testing.Extensions.Telemetry": {
        "type": "Transitive",
        "resolved": "2.4.1",
        "contentHash": "C+bq5ydHrBNCDXjvFtRa1/JcAS2Wq2dpXOnzy/TFYC8qb1dDEgB1XhQayBaYE/5BKviikByHb7mth8P+qJaOJw==",
        "dependencies": {
          "Microsoft.ApplicationInsights": "2.23.0",
          "Microsoft.Testing.Platform": "[2.4.1, 3.0.0)"
        }
      },
      "Microsoft.Testing.Extensions.TrxReport": {
        "type": "Transitive",
        "resolved": "2.4.1",
        "contentHash": "KGAvJKRqhod45ecH4L1cCKIjGrzziUcLo3L4hRlfOg/Ww2Q7MnA30qHY2rnKzGyLVWf91tc2VleGe8c33FmPaQ==",
        "dependencies": {
          "Microsoft.Testing.Extensions.TrxReport.Abstractions": "2.4.1",
          "Microsoft.Testing.Platform": "[2.4.1, 3.0.0)"
        }
      },
      "Microsoft.Testing.Extensions.TrxReport.Abstractions": {
        "type": "Transitive",
        "resolved": "2.4.1",
        "contentHash": "tDxLLic2IfeChbyo8oeGZj/eBdFpPe3Dp80hUoIOefSCqqMHbsob+lX1TfFWV75PJCPouxj2zz0zzPHZxiM4nQ==",
        "dependencies": {
          "Microsoft.Testing.Platform": "[2.4.1, 3.0.0)"
        }
      },
      "Microsoft.Testing.Platform": {
        "type": "Transitive",
        "resolved": "2.4.1",
        "contentHash": "3nW9NyhN1BnHRF994DCOOUQCqVA9pDT+gPpbuhI/xUntZnGnXO4ySovKxFlFuoT/48pnI74LK/DeKVlve1L3VQ=="
      },
      "Microsoft.Testing.Platform.MSBuild": {
        "type": "Transitive",
        "resolved": "2.4.1",
        "contentHash": "K4W2hAATe9wA1xt4oEZWmUsnQqnLD5H18NXKsm81xclf9PI4AHieb3DxJpE/2uA6Xl9DtjpLXif7/9Sn8Y2y7w==",
        "dependencies": {
          "Microsoft.Testing.Platform": "[2.4.1, 3.0.0)"
        }
      },
      "TUnit.Assertions": {
        "type": "Transitive",
        "resolved": "1.69.16",
        "contentHash": "ZaReBU8NluB0/6NTgyR8he9VArAksA7DH79gy7fmE3eBSmVdOdsMiIWBTpn8By1O4q+0fTHeGflc8/LQY2+M+A=="
      },
      "TUnit.Core": {
        "type": "Transitive",
        "resolved": "1.69.16",
        "contentHash": "QGQilMtDtoOMDocs1/ecnncUvzUbCIAQIfRb38GbJQBKlJy3GUVjN0rVfQ0Vfx9wfiLLv9tqjOwEuBUuOPBCsQ=="
      },
      "TUnit.Engine": {
        "type": "Transitive",
        "resolved": "1.69.16",
        "contentHash": "4SXTLAFJXdzZK1LwHdBvWlo+xJwiMSaCXP7QsIaSK58HKWDFuGXxzHeBARLavZV7UmrjCsbdtxn42ddH3TApVQ==",
        "dependencies": {
          "Microsoft.Testing.Extensions.TrxReport.Abstractions": "2.4.1",
          "Microsoft.Testing.Platform": "2.4.1",
          "Microsoft.Testing.Platform.MSBuild": "2.4.1",
          "TUnit.Core": "1.69.16"
        }
      },
      "ZLinq": {
        "type": "Transitive",
        "resolved": "1.5.6",
        "contentHash": "O2lcAZ1hC2zytrTuJV8WwpGbFURvsAApIEkmFJUKL3CFpedt1cgNVn+ZF00YyN321NL7Vz766wHxIPTzSyfUWg=="
      },
      "hostsparser": {
        "type": "Project",
        "dependencies": {
          "Microsoft.DotNet.ILCompiler": "[11.0.0-rc.1.26425.128, )",
          "Microsoft.Extensions.Logging.Console": "[11.0.0-rc.1.26425.128, )",
          "Microsoft.Extensions.Logging.Debug": "[11.0.0-rc.1.26425.128, )",
          "ZLinq": "[1.5.6, )"
        }
      }
    }
  }
}